// !$*UTF8*$!
{
	archiveVersion = 1;
	classes = {
	};
	objectVersion = 50;
	objects = {

/* Begin PBXBuildFile section */
		169FB03126DD283A00C463CC /* FBDateFormat.framework in Frameworks */ = {isa = PBXBuildFile; fileRef = 169FB02726DD283900C463CC /* FBDateFormat.framework */; };
		169FB03626DD283A00C463CC /* FBDateFormatTests.swift in Sources */ = {isa = PBXBuildFile; fileRef = 169FB03526DD283A00C463CC /* FBDateFormatTests.swift */; };
		169FB03826DD283A00C463CC /* FBDateFormat.h in Headers */ = {isa = PBXBuildFile; fileRef = 169FB02A26DD283900C463CC /* FBDateFormat.h */; settings = {ATTRIBUTES = (Public, ); }; };
		169FB04426DD28A400C463CC /* DateFormat.swift in Sources */ = {isa = PBXBuildFile; fileRef = 169FB04326DD28A400C463CC /* DateFormat.swift */; };
/* End PBXBuildFile section */

/* Begin PBXContainerItemProxy section */
		169FB03226DD283A00C463CC /* PBXContainerItemProxy */ = {
			isa = PBXContainerItemProxy;
			containerPortal = 169FB01E26DD283900C463CC /* Project object */;
			proxyType = 1;
			remoteGlobalIDString = 169FB02626DD283900C463CC;
			remoteInfo = FBDateFormat;
		};
/* End PBXContainerItemProxy section */

/* Begin PBXFileReference section */
		169FB02726DD283900C463CC /* FBDateFormat.framework */ = {isa = PBXFileReference; explicitFileType = wrapper.framework; includeInIndex = 0; path = FBDateFormat.framework; sourceTree = BUILT_PRODUCTS_DIR; };
		169FB02A26DD283900C463CC /* FBDateFormat.h */ = {isa = PBXFileReference; lastKnownFileType = sourcecode.c.h; path = FBDateFormat.h; sourceTree = "<group>"; };
		169FB02B26DD283900C463CC /* Info.plist */ = {isa = PBXFileReference; lastKnownFileType = text.plist.xml; path = Info.plist; sourceTree = "<group>"; };
		169FB03026DD283A00C463CC /* FBDateFormatTests.xctest */ = {isa = PBXFileReference; explicitFileType = wrapper.cfbundle; includeInIndex = 0; path = FBDateFormatTests.xctest; sourceTree = BUILT_PRODUCTS_DIR; };
		169FB03526DD283A00C463CC /* FBDateFormatTests.swift */ = {isa = PBXFileReference; lastKnownFileType = sourcecode.swift; path = FBDateFormatTests.swift; sourceTree = "<group>"; };
		169FB03726DD283A00C463CC /* Info.plist */ = {isa = PBXFileReference; lastKnownFileType = text.plist.xml; path = Info.plist; sourceTree = "<group>"; };
		169FB04326DD28A400C463CC /* DateFormat.swift */ = {isa = PBXFileReference; lastKnownFileType = sourcecode.swift; path = DateFormat.swift; sourceTree = "<group>"; };
/* End PBXFileReference section */

/* Begin PBXFrameworksBuildPhase section */
		169FB02426DD283900C463CC /* Frameworks */ = {
			isa = PBXFrameworksBuildPhase;
			buildActionMask = 2147483647;
			files = (
			);
			runOnlyForDeploymentPostprocessing = 0;
		};
		169FB02D26DD283A00C463CC /* Frameworks */ = {
			isa = PBXFrameworksBuildPhase;
			buildActionMask = 2147483647;
			files = (
				169FB03126DD283A00C463CC /* FBDateFormat.framework in Frameworks */,
			);
			runOnlyForDeploymentPostprocessing = 0;
		};
/* End PBXFrameworksBuildPhase section */

/* Begin PBXGroup section */
		169FB01D26DD283900C463CC = {
			isa = PBXGroup;
			children = (
				169FB02926DD283900C463CC /* FBDateFormat */,
				169FB03426DD283A00C463CC /* FBDateFormatTests */,
				169FB02826DD283900C463CC /* Products */,
			);
			sourceTree = "<group>";
		};
		169FB02826DD283900C463CC /* Products */ = {
			isa = PBXGroup;
			children = (
				169FB02726DD283900C463CC /* FBDateFormat.framework */,
				169FB03026DD283A00C463CC /* FBDateFormatTests.xctest */,
			);
			name = Products;
			sourceTree = "<group>";
		};
		169FB02926DD283900C463CC /* FBDateFormat */ = {
			isa = PBXGroup;
			children = (
				169FB04726DD28AC00C463CC /* Source */,
				169FB02A26DD283900C463CC /* FBDateFormat.h */,
				169FB02B26DD283900C463CC /* Info.plist */,
			);
			path = FBDateFormat;
			sourceTree = "<group>";
		};
		169FB03426DD283A00C463CC /* FBDateFormatTests */ = {
			isa = PBXGroup;
			children = (
				169FB03526DD283A00C463CC /* FBDateFormatTests.swift */,
				169FB03726DD283A00C463CC /* Info.plist */,
			);
			path = FBDateFormatTests;
			sourceTree = "<group>";
		};
		169FB04726DD28AC00C463CC /* Source */ = {
			isa = PBXGroup;
			children = (
				169FB04326DD28A400C463CC /* DateFormat.swift */,
			);
			path = Source;
			sourceTree = "<group>";
		};
/* End PBXGroup section */

/* Begin PBXHeadersBuildPhase section */
		169FB02226DD283900C463CC /* Headers */ = {
			isa = PBXHeadersBuildPhase;
			buildActionMask = 2147483647;
			files = (
				169FB03826DD283A00C463CC /* FBDateFormat.h in Headers */,
			);
			runOnlyForDeploymentPostprocessing = 0;
		};
/* End PBXHeadersBuildPhase section */

/* Begin PBXNativeTarget section */
		169FB02626DD283900C463CC /* FBDateFormat */ = {
			isa = PBXNativeTarget;
			buildConfigurationList = 169FB03B26DD283A00C463CC /* Build configuration list for PBXNativeTarget "FBDateFormat" */;
			buildPhases = (
				169FB02226DD283900C463CC /* Headers */,
				169FB02326DD283900C463CC /* Sources */,
				169FB02426DD283900C463CC /* Frameworks */,
				169FB02526DD283900C463CC /* Resources */,
			);
			buildRules = (
			);
			dependencies = (
			);
			name = FBDateFormat;
			productName = FBDateFormat;
			productReference = 169FB02726DD283900C463CC /* FBDateFormat.framework */;
			productType = "com.apple.product-type.framework";
		};
		169FB02F26DD283A00C463CC /* FBDateFormatTests */ = {
			isa = PBXNativeTarget;
			buildConfigurationList = 169FB03E26DD283A00C463CC /* Build configuration list for PBXNativeTarget "FBDateFormatTests" */;
			buildPhases = (
				169FB02C26DD283A00C463CC /* Sources */,
				169FB02D26DD283A00C463CC /* Frameworks */,
				169FB02E26DD283A00C463CC /* Resources */,
			);
			buildRules = (
			);
			dependencies = (
				169FB03326DD283A00C463CC /* PBXTargetDependency */,
			);
			name = FBDateFormatTests;
			productName = FBDateFormatTests;
			productReference = 169FB03026DD283A00C463CC /* FBDateFormatTests.xctest */;
			productType = "com.apple.product-type.bundle.unit-test";
		};
/* End PBXNativeTarget section */

/* Begin PBXProject section */
		169FB01E26DD283900C463CC /* Project object */ = {
			isa = PBXProject;
			attributes = {
				LastSwiftUpdateCheck = 1240;
				LastUpgradeCheck = 1240;
				TargetAttributes = {
					169FB02626DD283900C463CC = {
						CreatedOnToolsVersion = 12.4;
						LastSwiftMigration = 1240;
					};
					169FB02F26DD283A00C463CC = {
						CreatedOnToolsVersion = 12.4;
					};
				};
			};
			buildConfigurationList = 169FB02126DD283900C463CC /* Build configuration list for PBXProject "FBDateFormat" */;
			compatibilityVersion = "Xcode 9.3";
			developmentRegion = en;
			hasScannedForEncodings = 0;
			knownRegions = (
				en,
				Base,
			);
			mainGroup = 169FB01D26DD283900C463CC;
			productRefGroup = 169FB02826DD283900C463CC /* Products */;
			projectDirPath = "";
			projectRoot = "";
			targets = (
				169FB02626DD283900C463CC /* FBDateFormat */,
				169FB02F26DD283A00C463CC /* FBDateFormatTests */,
			);
		};
/* End PBXProject section */

/* Begin PBXResourcesBuildPhase section */
		169FB02526DD283900C463CC /* Resources */ = {
			isa = PBXResourcesBuildPhase;
			buildActionMask = 2147483647;
			files = (
			);
			runOnlyForDeploymentPostprocessing = 0;
		};
		169FB02E26DD283A00C463CC /* Resources */ = {
			isa = PBXResourcesBuildPhase;
			buildActionMask = 2147483647;
			files = (
			);
			runOnlyForDeploymentPostprocessing = 0;
		};
/* End PBXResourcesBuildPhase section */

/* Begin PBXSourcesBuildPhase section */
		169FB02326DD283900C463CC /* Sources */ = {
			isa = PBXSourcesBuildPhase;
			buildActionMask = 2147483647;
			files = (
				169FB04426DD28A400C463CC /* DateFormat.swift in Sources */,
			);
			runOnlyForDeploymentPostprocessing = 0;
		};
		169FB02C26DD283A00C463CC /* Sources */ = {
			isa = PBXSourcesBuildPhase;
			buildActionMask = 2147483647;
			files = (
				169FB03626DD283A00C463CC /* FBDateFormatTests.swift in Sources */,
			);
			runOnlyForDeploymentPostprocessing = 0;
		};
/* End PBXSourcesBuildPhase section */

/* Begin PBXTargetDependency section */
		169FB03326DD283A00C463CC /* PBXTargetDependency */ = {
			isa = PBXTargetDependency;
			target = 169FB02626DD283900C463CC /* FBDateFormat */;
			targetProxy = 169FB03226DD283A00C463CC /* PBXContainerItemProxy */;
		};
/* End PBXTargetDependency section */

/* Begin XCBuildConfiguration section */
		169FB03926DD283A00C463CC /* Debug */ = {
			isa = XCBuildConfiguration;
			buildSettings = {
				ALWAYS_SEARCH_USER_PATHS = NO;
				CLANG_ANALYZER_NONNULL = YES;
				CLANG_ANALYZER_NUMBER_OBJECT_CONVERSION = YES_AGGRESSIVE;
				CLANG_CXX_LANGUAGE_STANDARD = "gnu++14";
				CLANG_CXX_LIBRARY = "libc++";
				CLANG_ENABLE_MODULES = YES;
				CLANG_ENABLE_OBJC_ARC = YES;
				CLANG_ENABLE_OBJC_WEAK = YES;
				CLANG_WARN_BLOCK_CAPTURE_AUTORELEASING = YES;
				CLANG_WARN_BOOL_CONVERSION = YES;
				CLANG_WARN_COMMA = YES;
				CLANG_WARN_CONSTANT_CONVERSION = YES;
				CLANG_WARN_DEPRECATED_OBJC_IMPLEMENTATIONS = YES;
				CLANG_WARN_DIRECT_OBJC_ISA_USAGE = YES_ERROR;
				CLANG_WARN_DOCUMENTATION_COMMENTS = YES;
				CLANG_WARN_EMPTY_BODY = YES;
				CLANG_WARN_ENUM_CONVERSION = YES;
				CLANG_WARN_INFINITE_RECURSION = YES;
				CLANG_WARN_INT_CONVERSION = YES;
				CLANG_WARN_NON_LITERAL_NULL_CONVERSION = YES;
				CLANG_WARN_OBJC_IMPLICIT_RETAIN_SELF = YES;
				CLANG_WARN_OBJC_LITERAL_CONVERSION = YES;
				CLANG_WARN_OBJC_ROOT_CLASS = YES_ERROR;
				CLANG_WARN_QUOTED_INCLUDE_IN_FRAMEWORK_HEADER = YES;
				CLANG_WARN_RANGE_LOOP_ANALYSIS = YES;
				CLANG_WARN_STRICT_PROTOTYPES = YES;
				CLANG_WARN_SUSPICIOUS_MOVE = YES;
				CLANG_WARN_UNGUARDED_AVAILABILITY = YES_AGGRESSIVE;
				CLANG_WARN_UNREACHABLE_CODE = YES;
				CLANG_WARN__DUPLICATE_METHOD_MATCH = YES;
				COPY_PHASE_STRIP = NO;
				CURRENT_PROJECT_VERSION = 1;
				DEBUG_INFORMATION_FORMAT = dwarf;
				ENABLE_STRICT_OBJC_MSGSEND = YES;
				ENABLE_TESTABILITY = YES;
				GCC_C_LANGUAGE_STANDARD = gnu11;
				GCC_DYNAMIC_NO_PIC = NO;
				GCC_NO_COMMON_BLOCKS = YES;
				GCC_OPTIMIZATION_LEVEL = 0;
				GCC_PREPROCESSOR_DEFINITIONS = (
					"DEBUG=1",
					"$(inherited)",
				);
				GCC_WARN_64_TO_32_BIT_CONVERSION = YES;
				GCC_WARN_ABOUT_RETURN_TYPE = YES_ERROR;
				GCC_WARN_UNDECLARED_SELECTOR = YES;
				GCC_WARN_UNINITIALIZED_AUTOS = YES_AGGRESSIVE;
				GCC_WARN_UNUSED_FUNCTION = YES;
				GCC_WARN_UNUSED_VARIABLE = YES;
				IPHONEOS_DEPLOYMENT_TARGET = 14.4;
				MTL_ENABLE_DEBUG_INFO = INCLUDE_SOURCE;
				MTL_FAST_MATH = YES;
				ONLY_ACTIVE_ARCH = YES;
				SDKROOT = iphoneos;
				SWIFT_ACTIVE_COMPILATION_CONDITIONS = DEBUG;
				SWIFT_OPTIMIZATION_LEVEL = "-Onone";
				VERSIONING_SYSTEM = "apple-generic";
				VERSION_INFO_PREFIX = "";
			};
			name = Debug;
		};
		169FB03A26DD283A00C463CC /* Release */ = {
			isa = XCBuildConfiguration;
			buildSettings = {
				ALWAYS_SEARCH_USER_PATHS = NO;
				CLANG_ANALYZER_NONNULL = YES;
				CLANG_ANALYZER_NUMBER_OBJECT_CONVERSION = YES_AGGRESSIVE;
				CLANG_CXX_LANGUAGE_STANDARD = "gnu++14";
				CLANG_CXX_LIBRARY = "libc++";
				CLANG_ENABLE_MODULES = YES;
				CLANG_ENABLE_OBJC_ARC = YES;
				CLANG_ENABLE_OBJC_WEAK = YES;
				CLANG_WARN_BLOCK_CAPTURE_AUTORELEASING = YES;
				CLANG_WARN_BOOL_CONVERSION = YES;
				CLANG_WARN_COMMA = YES;
				CLANG_WARN_CONSTANT_CONVERSION = YES;
				CLANG_WARN_DEPRECATED_OBJC_IMPLEMENTATIONS = YES;
				CLANG_WARN_DIRECT_OBJC_ISA_USAGE = YES_ERROR;
				CLANG_WARN_DOCUMENTATION_COMMENTS = YES;
				CLANG_WARN_EMPTY_BODY = YES;
				CLANG_WARN_ENUM_CONVERSION = YES;
				CLANG_WARN_INFINITE_RECURSION = YES;
				CLANG_WARN_INT_CONVERSION = YES;
				CLANG_WARN_NON_LITERAL_NULL_CONVERSION = YES;
				CLANG_WARN_OBJC_IMPLICIT_RETAIN_SELF = YES;
				CLANG_WARN_OBJC_LITERAL_CONVERSION = YES;
				CLANG_WARN_OBJC_ROOT_CLASS = YES_ERROR;
				CLANG_WARN_QUOTED_INCLUDE_IN_FRAMEWORK_HEADER = YES;
				CLANG_WARN_RANGE_LOOP_ANALYSIS = YES;
				CLANG_WARN_STRICT_PROTOTYPES = YES;
				CLANG_WARN_SUSPICIOUS_MOVE = YES;
				CLANG_WARN_UNGUARDED_AVAILABILITY = YES_AGGRESSIVE;
				CLANG_WARN_UNREACHABLE_CODE = YES;
				CLANG_WARN__DUPLICATE_METHOD_MATCH = YES;
				COPY_PHASE_STRIP = NO;
				CURRENT_PROJECT_VERSION = 1;
				DEBUG_INFORMATION_FORMAT = "dwarf-with-dsym";
				ENABLE_NS_ASSERTIONS = NO;
				ENABLE_STRICT_OBJC_MSGSEND = YES;
				GCC_C_LANGUAGE_STANDARD = gnu11;
				GCC_NO_COMMON_BLOCKS = YES;
				GCC_WARN_64_TO_32_BIT_CONVERSION = YES;
				GCC_WARN_ABOUT_RETURN_TYPE = YES_ERROR;
				GCC_WARN_UNDECLARED_SELECTOR = YES;
				GCC_WARN_UNINITIALIZED_AUTOS = YES_AGGRESSIVE;
				GCC_WARN_UNUSED_FUNCTION = YES;
				GCC_WARN_UNUSED_VARIABLE = YES;
				IPHONEOS_DEPLOYMENT_TARGET = 14.4;
				MTL_ENABLE_DEBUG_INFO = NO;
				MTL_FAST_MATH = YES;
				SDKROOT = iphoneos;
				SWIFT_COMPILATION_MODE = wholemodule;
				SWIFT_OPTIMIZATION_LEVEL = "-O";
				VALIDATE_PRODUCT = YES;
				VERSIONING_SYSTEM = "apple-generic";
				VERSION_INFO_PREFIX = "";
			};
			name = Release;
		};
		169FB03C26DD283A00C463CC /* Debug */ = {
			isa = XCBuildConfiguration;
			buildSettings = {
				CLANG_ENABLE_MODULES = YES;
				CODE_SIGN_STYLE = Automatic;
				DEFINES_MODULE = YES;
				DEVELOPMENT_TEAM = WY4TJYTZW4;
				DYLIB_COMPATIBILITY_VERSION = 1;
				DYLIB_CURRENT_VERSION = 1;
				DYLIB_INSTALL_NAME_BASE = "@rpath";
				INFOPLIST_FILE = FBDateFormat/Info.plist;
				INSTALL_PATH = "$(LOCAL_LIBRARY_DIR)/Frameworks";
				LD_RUNPATH_SEARCH_PATHS = (
					"$(inherited)",
					"@executable_path/Frameworks",
					"@loader_path/Frameworks",
				);
				PRODUCT_BUNDLE_IDENTIFIER = com.AhmedElserafy.FBDateFormat;
				PRODUCT_NAME = "$(TARGET_NAME:c99extidentifier)";
				SKIP_INSTALL = YES;
				SWIFT_OPTIMIZATION_LEVEL = "-Onone";
				SWIFT_VERSION = 5.0;
				TARGETED_DEVICE_FAMILY = "1,2";
			};
			name = Debug;
		};
		169FB03D26DD283A00C463CC /* Release */ = {
			isa = XCBuildConfiguration;
			buildSettings = {
				CLANG_ENABLE_MODULES = YES;
				CODE_SIGN_STYLE = Automatic;
				DEFINES_MODULE = YES;
				DEVELOPMENT_TEAM = WY4TJYTZW4;
				DYLIB_COMPATIBILITY_VERSION = 1;
				DYLIB_CURRENT_VERSION = 1;
				DYLIB_INSTALL_NAME_BASE = "@rpath";
				INFOPLIST_FILE = FBDateFormat/Info.plist;
				INSTALL_PATH = "$(LOCAL_LIBRARY_DIR)/Frameworks";
				LD_RUNPATH_SEARCH_PATHS = (
					"$(inherited)",
					"@executable_path/Frameworks",
					"@loader_path/Frameworks",
				);
				PRODUCT_BUNDLE_IDENTIFIER = com.AhmedElserafy.FBDateFormat;
				PRODUCT_NAME = "$(TARGET_NAME:c99extidentifier)";
				SKIP_INSTALL = YES;
				SWIFT_VERSION = 5.0;
				TARGETED_DEVICE_FAMILY = "1,2";
			};
			name = Release;
		};
		169FB03F26DD283A00C463CC /* Debug */ = {
			isa = XCBuildConfiguration;
			buildSettings = {
				ALWAYS_EMBED_SWIFT_STANDARD_LIBRARIES = YES;
				CODE_SIGN_STYLE = Automatic;
				DEVELOPMENT_TEAM = WY4TJYTZW4;
				INFOPLIST_FILE = FBDateFormatTests/Info.plist;
				LD_RUNPATH_SEARCH_PATHS = (
					"$(inherited)",
					"@executable_path/Frameworks",
					"@loader_path/Frameworks",
				);
				PRODUCT_BUNDLE_IDENTIFIER = com.AhmedElserafy.FBDateFormatTests;
				PRODUCT_NAME = "$(TARGET_NAME)";
				SWIFT_VERSION = 5.0;
				TARGETED_DEVICE_FAMILY = "1,2";
			};
			name = Debug;
		};
		169FB04026DD283A00C463CC /* Release */ = {
			isa = XCBuildConfiguration;
			buildSettings = {
				ALWAYS_EMBED_SWIFT_STANDARD_LIBRARIES = YES;
				CODE_SIGN_STYLE = Automatic;
				DEVELOPMENT_TEAM = WY4TJYTZW4;
				INFOPLIST_FILE = FBDateFormatTests/Info.plist;
				LD_RUNPATH_SEARCH_PATHS = (
					"$(inherited)",
					"@executable_path/Frameworks",
					"@loader_path/Frameworks",
				);
				PRODUCT_BUNDLE_IDENTIFIER = com.AhmedElserafy.FBDateFormatTests;
				PRODUCT_NAME = "$(TARGET_NAME)";
				SWIFT_VERSION = 5.0;
				TARGETED_DEVICE_FAMILY = "1,2";
			};
			name = Release;
		};
/* End XCBuildConfiguration section */

/* Begin XCConfigurationList section */
		169FB02126DD283900C463CC /* Build configuration list for PBXProject "FBDateFormat" */ = {
			isa = XCConfigurationList;
			buildConfigurations = (
				169FB03926DD283A00C463CC /* Debug */,
				169FB03A26DD283A00C463CC /* Release */,
			);
			defaultConfigurationIsVisible = 0;
			defaultConfigurationName = Release;
		};
		169FB03B26DD283A00C463CC /* Build configuration list for PBXNativeTarget "FBDateFormat" */ = {
			isa = XCConfigurationList;
			buildConfigurations = (
				169FB03C26DD283A00C463CC /* Debug */,
				169FB03D26DD283A00C463CC /* Release */,
			);
			defaultConfigurationIsVisible = 0;
			defaultConfigurationName = Release;
		};
		169FB03E26DD283A00C463CC /* Build configuration list for PBXNativeTarget "FBDateFormatTests" */ = {
			isa = XCConfigurationList;
			buildConfigurations = (
				169FB03F26DD283A00C463CC /* Debug */,
				169FB04026DD283A00C463CC /* Release */,
			);
			defaultConfigurationIsVisible = 0;
			defaultConfigurationName = Release;
		};
/* End XCConfigurationList section */
	};
	rootObject = 169FB01E26DD283900C463CC /* Project object */;
}
